
Microsoft Visual Studio Solution File, Format Version 12.00
# Visual Studio 15
VisualStudioVersion = 15.0.28307.1209
MinimumVisualStudioVersion = 10.0.40219.1
Project("{FAE04EC0-301F-11D3-BF4B-00C04F79EFBC}") = "CSharpFullLearning", "CSharpFullLearning\CSharpFullLearning.csproj", "{0A9F142E-1469-450F-9392-53CCAA968177}"
EndProject
Project("{FAE04EC0-301F-11D3-BF4B-00C04F79EFBC}") = "Delegates", "Delegates\Delegates.csproj", "{450229AA-98C5-428D-AE81-F2D69D9EFCE0}"
EndProject
Project("{FAE04EC0-301F-11D3-BF4B-00C04F79EFBC}") = "Events", "Events\Events.csproj", "{0B9DDDED-D611-4B92-B5CB-4D3B04B55DA2}"
EndProject
Global
	GlobalSection(SolutionConfigurationPlatforms) = preSolution
		Debug|Any CPU = Debug|Any CPU
		Release|Any CPU = Release|Any CPU
	EndGlobalSection
	GlobalSection(ProjectConfigurationPlatforms) = postSolution
		{0A9F142E-1469-450F-9392-53CCAA968177}.Debug|Any CPU.ActiveCfg = Debug|Any CPU
		{0A9F142E-1469-450F-9392-53CCAA968177}.Debug|Any CPU.Build.0 = Debug|Any CPU
		{0A9F142E-1469-450F-9392-53CCAA968177}.Release|Any CPU.ActiveCfg = Release|Any CPU
		{0A9F142E-1469-450F-9392-53CCAA968177}.Release|Any CPU.Build.0 = Release|Any CPU
		{450229AA-98C5-428D-AE81-F2D69D9EFCE0}.Debug|Any CPU.ActiveCfg = Debug|Any CPU
		{450229AA-98C5-428D-AE81-F2D69D9EFCE0}.Debug|Any CPU.Build.0 = Debug|Any CPU
		{450229AA-98C5-428D-AE81-F2D69D9EFCE0}.Release|Any CPU.ActiveCfg = Release|Any CPU
		{450229AA-98C5-428D-AE81-F2D69D9EFCE0}.Release|Any CPU.Build.0 = Release|Any CPU
		{0B9DDDED-D611-4B92-B5CB-4D3B04B55DA2}.Debug|Any CPU.ActiveCfg = Debug|Any CPU
		{0B9DDDED-D611-4B92-B5CB-4D3B04B55DA2}.Debug|Any CPU.Build.0 = Debug|Any CPU
		{0B9DDDED-D611-4B92-B5CB-4D3B04B55DA2}.Release|Any CPU.ActiveCfg = Release|Any CPU
		{0B9DDDED-D611-4B92-B5CB-4D3B04B55DA2}.Release|Any CPU.Build.0 = Release|Any CPU
	EndGlobalSection
	GlobalSection(SolutionProperties) = preSolution
		HideSolutionNode = FALSE
	EndGlobalSection
	GlobalSection(ExtensibilityGlobals) = postSolution
		SolutionGuid = {4A00DC7D-BAB2-4014-B706-BF87FFCF4213}
	EndGlobalSection
EndGlobal
